%{"bson": {:git, "git://github.com/soundrop/bson-erlang", "3e6d7d5c58935768104f38bf9df96f213e139df9", [ref: "HEAD"]},
  "consul": {:git, "git://github.com/hexedpackets/exconsul.git", "dd92893e7130a166d7c2b673cedde24e8dc56dca", []},
  "hackney": {:hex, :hackney, "1.2.0"},
  "httpoison": {:hex, :httpoison, "0.7.0"},
  "idna": {:hex, :idna, "1.0.2"},
  "mongodb": {:git, "git://github.com/comtihon/mongodb-erlang.git", "4e8a25abca6bef4fee849d50f86d85c089af5d08", []},
  "poison": {:hex, :poison, "1.4.0"},
  "ssl_verify_hostname": {:hex, :ssl_verify_hostname, "1.0.5"}}
